
Microsoft Visual Studio Solution File, Format Version 12.00
# Visual Studio Version 17
VisualStudioVersion = 17.5.33530.505
MinimumVisualStudioVersion = 10.0.40219.1
Project("{9A19103F-16F7-4668-BE54-9A1E7A4F7556}") = "MetaGeek.WiFi.Core", "MetaGeek.WiFi.Core.csproj", "{596D3853-881D-4A90-9178-9ACF2AF878AD}"
EndProject
Global
	GlobalSection(SolutionConfigurationPlatforms) = preSolution
		Debug|Any CPU = Debug|Any CPU
		Debug|x86 = Debug|x86
		Release|Any CPU = Release|Any CPU
		Release|x86 = Release|x86
	EndGlobalSection
	GlobalSection(ProjectConfigurationPlatforms) = postSolution
		{596D3853-881D-4A90-9178-9ACF2AF878AD}.Debug|Any CPU.ActiveCfg = Debug|Any CPU
		{596D3853-881D-4A90-9178-9ACF2AF878AD}.Debug|Any CPU.Build.0 = Debug|Any CPU
		{596D3853-881D-4A90-9178-9ACF2AF878AD}.Debug|x86.ActiveCfg = Debug|Any CPU
		{596D3853-881D-4A90-9178-9ACF2AF878AD}.Debug|x86.Build.0 = Debug|Any CPU
		{596D3853-881D-4A90-9178-9ACF2AF878AD}.Release|Any CPU.ActiveCfg = Release|Any CPU
		{596D3853-881D-4A90-9178-9ACF2AF878AD}.Release|Any CPU.Build.0 = Release|Any CPU
		{596D3853-881D-4A90-9178-9ACF2AF878AD}.Release|x86.ActiveCfg = Release|Any CPU
		{596D3853-881D-4A90-9178-9ACF2AF878AD}.Release|x86.Build.0 = Release|Any CPU
	EndGlobalSection
	GlobalSection(SolutionProperties) = preSolution
		HideSolutionNode = FALSE
	EndGlobalSection
	GlobalSection(ExtensibilityGlobals) = postSolution
		SolutionGuid = {CDEF0725-C382-4F13-BEC4-50C6798805EE}
	EndGlobalSection
EndGlobal
